{
  "name": "nokta",
  "lockfileVersion": 3,
  "requires": true,
  "packages": {
    "": {
      "dependencies": {
        "live-server-https": "^0.0.2"
      }
    },
    "node_modules/live-server-https": {
      "version": "0.0.2",
      "resolved": "https://registry.npmjs.org/live-server-https/-/live-server-https-0.0.2.tgz",
      "integrity": "sha512-5mIdGdW+dtgTV4sOU7uG43pTRTlE34th0SER6IMnS/CEXUoYIGf93TBHHghagO8tSHlExePvoo8YOgcETeWIgw=="
    }
  }
}
